# THIS IS AN AUTOGENERATED FILE. DO NOT EDIT THIS FILE DIRECTLY.
# yarn lockfile v1


"@babel/runtime@^7.21.0", "@babel/runtime@^7.8.7":
  version "7.26.0"
  resolved "https://registry.yarnpkg.com/@babel/runtime/-/runtime-7.26.0.tgz#8600c2f595f277c60815256418b85356a65173c1"
  integrity sha512-FDSOghenHTiToteC/QRlv2q3DhPZ/oOXTBoirfWNx1Cx3TMVcGWQtMMmQcSvb/JjpNeGzx8Pq/b4fKEJuWm1sw==
  dependencies:
    regenerator-runtime "^0.14.0"

"@formatjs/ecma402-abstract@2.3.2":
  version "2.3.2"
  resolved "https://registry.yarnpkg.com/@formatjs/ecma402-abstract/-/ecma402-abstract-2.3.2.tgz#0ee291effe7ee2c340742a6c95d92eacb5e6c00a"
  integrity sha512-6sE5nyvDloULiyOMbOTJEEgWL32w+VHkZQs8S02Lnn8Y/O5aQhjOEXwWzvR7SsBE/exxlSpY2EsWZgqHbtLatg==
  dependencies:
    "@formatjs/fast-memoize" "2.2.6"
    "@formatjs/intl-localematcher" "0.5.10"
    decimal.js "10"
    tslib "2"

"@formatjs/fast-memoize@2.2.6":
  version "2.2.6"
  resolved "https://registry.yarnpkg.com/@formatjs/fast-memoize/-/fast-memoize-2.2.6.tgz#fac0a84207a1396be1f1aa4ee2805b179e9343d1"
  integrity sha512-luIXeE2LJbQnnzotY1f2U2m7xuQNj2DA8Vq4ce1BY9ebRZaoPB1+8eZ6nXpLzsxuW5spQxr7LdCg+CApZwkqkw==
  dependencies:
    tslib "2"

"@formatjs/icu-messageformat-parser@2.9.8":
  version "2.9.8"
  resolved "https://registry.yarnpkg.com/@formatjs/icu-messageformat-parser/-/icu-messageformat-parser-2.9.8.tgz#118e7156f8a8db6b27b650f09334db21456c681f"
  integrity sha512-hZlLNI3+Lev8IAXuwehLoN7QTKqbx3XXwFW1jh0AdIA9XJdzn9Uzr+2LLBspPm/PX0+NLIfykj/8IKxQqHUcUQ==
  dependencies:
    "@formatjs/ecma402-abstract" "2.3.2"
    "@formatjs/icu-skeleton-parser" "1.8.12"
    tslib "2"

"@formatjs/icu-skeleton-parser@1.8.12":
  version "1.8.12"
  resolved "https://registry.yarnpkg.com/@formatjs/icu-skeleton-parser/-/icu-skeleton-parser-1.8.12.tgz#43076747cdbe0f23bfac2b2a956bd8219716680d"
  integrity sha512-QRAY2jC1BomFQHYDMcZtClqHR55EEnB96V7Xbk/UiBodsuFc5kujybzt87+qj1KqmJozFhk6n4KiT1HKwAkcfg==
  dependencies:
    "@formatjs/ecma402-abstract" "2.3.2"
    tslib "2"

"@formatjs/intl-localematcher@0.5.10":
  version "0.5.10"
  resolved "https://registry.yarnpkg.com/@formatjs/intl-localematcher/-/intl-localematcher-0.5.10.tgz#1e0bd3fc1332c1fe4540cfa28f07e9227b659a58"
  integrity sha512-af3qATX+m4Rnd9+wHcjJ4w2ijq+rAVP3CCinJQvFv1kgSu1W6jypUmvleJxcewdxmutM8dmIRZFxO/IQBZmP2Q==
  dependencies:
    tslib "2"

"@gluestack-ui/alert-dialog@^0.1.32":
  version "0.1.32"
  resolved "https://registry.yarnpkg.com/@gluestack-ui/alert-dialog/-/alert-dialog-0.1.32.tgz#d99b76a676edff2840008f03f4e3f1d2af38c330"
  integrity sha512-+imIkN0SgEuikQKgevBw2uBUE0ypD4VygGkPGwq/t8WVLlKp/DCz3GQhsiZavkFi/fbXHNNldwOjSP4RjlYfFQ==
  dependencies:
    "@gluestack-ui/hooks" "0.1.12"
    "@gluestack-ui/overlay" "^0.1.16"
    "@gluestack-ui/utils" "^0.1.14"
    "@react-native-aria/dialog" "^0.0.4"
    "@react-native-aria/focus" "^0.2.9"
    "@react-native-aria/interactions" "0.2.13"

"@gluestack-ui/button@^1.0.8":
  version "1.0.8"
  resolved "https://registry.yarnpkg.com/@gluestack-ui/button/-/button-1.0.8.tgz#fb6c1a3e6c59561d0cd6e7d8d0f519034144c66d"
  integrity sha512-60ZcFd0XWIwoWe35GSf5jdcgpDI4R1LcQr098SYMUoYg3cWNFrbKUIa+cdCtD7oV/crVFjrmyj+6wZpiyDtx5g==
  dependencies:
    "@gluestack-ui/utils" "0.1.14"
    "@react-native-aria/focus" "^0.2.9"
    "@react-native-aria/interactions" "0.2.13"

"@gluestack-ui/form-control@^0.1.19":
  version "0.1.19"
  resolved "https://registry.yarnpkg.com/@gluestack-ui/form-control/-/form-control-0.1.19.tgz#7a75b65f5ec89da95c30442750d6f7af71db6868"
  integrity sha512-6YbPbi/RZrXc5DyVPbxPV17FYaBoEl1yAdSwut8iE6n+yQekjluINrh2q5ZPWF2SGmyo7VSNcL85yeU5I97xHg==
  dependencies:
    "@gluestack-ui/utils" "^0.1.14"
    "@react-native-aria/focus" "^0.2.9"

"@gluestack-ui/hooks@0.1.12":
  version "0.1.12"
  resolved "https://registry.yarnpkg.com/@gluestack-ui/hooks/-/hooks-0.1.12.tgz#4a92de73eec7b6ba6fc8e781c23417252993c95c"
  integrity sha512-jMZS+aIPYvouRKkWUzOYFKeWyt+YFIojYFuSq8sNZTjAq72xtiKZQKxNwOgTorEDD4CAIk0bncRS0TneNSuMAA==

"@gluestack-ui/input@^0.1.32":
  version "0.1.32"
  resolved "https://registry.yarnpkg.com/@gluestack-ui/input/-/input-0.1.32.tgz#d4d64e43938b2cf9ee3f816fa774d08333305d28"
  integrity sha512-RWtqpo0p37GYjwBTiMf4fpvKYe32OMa6lxFbDqPqEX1m994D9QwP7iWnDWA/9nr/Mf3eET6dMWbH4/eL4oZr8Q==
  dependencies:
    "@gluestack-ui/form-control" "^0.1.19"
    "@gluestack-ui/utils" "^0.1.14"
    "@react-native-aria/focus" "^0.2.9"
    "@react-native-aria/interactions" "0.2.13"

"@gluestack-ui/modal@^0.1.35":
  version "0.1.35"
  resolved "https://registry.yarnpkg.com/@gluestack-ui/modal/-/modal-0.1.35.tgz#5ed5df4b999926bc13456d94a2ae4fc647b98e16"
  integrity sha512-KfA2aJ/ZsdM5rggAAJOykVHsOZf7aYjTfDNsd5JHUC7Uo8IrQAZJBX1DEz+Y3V8dPMXEIlEFGMaVh4o29nZXcw==
  dependencies:
    "@gluestack-ui/hooks" "0.1.12"
    "@gluestack-ui/overlay" "^0.1.16"
    "@gluestack-ui/utils" "^0.1.14"
    "@react-native-aria/dialog" "^0.0.4"
    "@react-native-aria/focus" "^0.2.9"
    "@react-native-aria/interactions" "0.2.13"
    "@react-native-aria/overlays" "^0.3.12"

"@gluestack-ui/overlay@^0.1.16":
  version "0.1.16"
  resolved "https://registry.yarnpkg.com/@gluestack-ui/overlay/-/overlay-0.1.16.tgz#1902a0985c45dd829ed13892935a360be3f6fe2c"
  integrity sha512-08QFwioMroNia33Fe1zqhHjUL/CErr2swMMcN6vNWNWad6VfwXx3dZIXJxCIL1W90Rz908pWfIGrQEYaT6VAkw==
  dependencies:
    "@react-native-aria/focus" "^0.2.9"
    "@react-native-aria/interactions" "0.2.13"
    "@react-native-aria/overlays" "^0.3.12"

"@gluestack-ui/utils@0.1.14", "@gluestack-ui/utils@^0.1.14":
  version "0.1.14"
  resolved "https://registry.yarnpkg.com/@gluestack-ui/utils/-/utils-0.1.14.tgz#83af7f58716fe9ec7ea7dc358a791d33b8271cd7"
  integrity sha512-dGe2LWJi8KcNmfM/Nt/WAT0I5s2F/Lud7nR/gTyksdLs9AZ8YoRkKt0s4q0ofz6ku1yEHDLa/YOuk2+APd8qNQ==
  dependencies:
    "@react-native-aria/focus" "^0.2.9"

"@internationalized/date@^3.6.0":
  version "3.6.0"
  resolved "https://registry.yarnpkg.com/@internationalized/date/-/date-3.6.0.tgz#b30d43030bfed1855f20c9503606926d75bfdf64"
  integrity sha512-+z6ti+CcJnRlLHok/emGEsWQhe7kfSmEW+/6qCzvKY67YPh7YOBfvc7+/+NXq+zJlbArg30tYpqLjNgcAYv2YQ==
  dependencies:
    "@swc/helpers" "^0.5.0"

"@internationalized/message@^3.1.6":
  version "3.1.6"
  resolved "https://registry.yarnpkg.com/@internationalized/message/-/message-3.1.6.tgz#e5a832788a17214bfb3e5bbf5f0e23ed2f568ad7"
  integrity sha512-JxbK3iAcTIeNr1p0WIFg/wQJjIzJt9l/2KNY/48vXV7GRGZSv3zMxJsce008fZclk2cDC8y0Ig3odceHO7EfNQ==
  dependencies:
    "@swc/helpers" "^0.5.0"
    intl-messageformat "^10.1.0"

"@internationalized/number@^3.6.0":
  version "3.6.0"
  resolved "https://registry.yarnpkg.com/@internationalized/number/-/number-3.6.0.tgz#dc6ba20c41b25eb605f1d5cac7d8668e9022c224"
  integrity sha512-PtrRcJVy7nw++wn4W2OuePQQfTqDzfusSuY1QTtui4wa7r+rGVtR75pO8CyKvHvzyQYi3Q1uO5sY0AsB4e65Bw==
  dependencies:
    "@swc/helpers" "^0.5.0"

"@internationalized/string@^3.2.5":
  version "3.2.5"
  resolved "https://registry.yarnpkg.com/@internationalized/string/-/string-3.2.5.tgz#2f387b256e79596a2e62ddd5e15c619fe241189c"
  integrity sha512-rKs71Zvl2OKOHM+mzAFMIyqR5hI1d1O6BBkMK2/lkfg3fkmVh9Eeg0awcA8W2WqYqDOv6a86DIOlFpggwLtbuw==
  dependencies:
    "@swc/helpers" "^0.5.0"

"@legendapp/motion@^2.4.0":
  version "2.4.0"
  resolved "https://registry.yarnpkg.com/@legendapp/motion/-/motion-2.4.0.tgz#eef6f934b784e07fe94631d5648d412f34fa0c6b"
  integrity sha512-AAYpRLGvxGD5hIGl9sVHyoUufr66zoH82PuxYcKiPSMdCBI3jwZFWh6CuHjV1leRKVIRk2py1rSvIVabG8eqcw==
  dependencies:
    "@legendapp/tools" "2.0.1"

"@legendapp/tools@2.0.1":
  version "2.0.1"
  resolved "https://registry.yarnpkg.com/@legendapp/tools/-/tools-2.0.1.tgz#995fe6cb3e2398b939f645505aa8e1abc84bd07f"
  integrity sha512-Kxt0HWvWElRK6oybHRzcYxdgaKGwuaiRNreS7usW7QuHXRIHaH4yMcW2YNRG4DHE5fpefv+Bno/BohQcCE4FaA==

"@react-aria/dialog@*":
  version "3.5.20"
  resolved "https://registry.yarnpkg.com/@react-aria/dialog/-/dialog-3.5.20.tgz#6404d2c1bab1ea9ecce3ebc7adce64733ecea985"
  integrity sha512-l0GZVLgeOd3kL3Yj8xQW7wN3gn9WW3RLd/SGI9t7ciTq+I/FhftjXCWzXLlOCCTLMf+gv7eazecECtmoWUaZWQ==
  dependencies:
    "@react-aria/focus" "^3.19.0"
    "@react-aria/overlays" "^3.24.0"
    "@react-aria/utils" "^3.26.0"
    "@react-types/dialog" "^3.5.14"
    "@react-types/shared" "^3.26.0"
    "@swc/helpers" "^0.5.0"

"@react-aria/focus@^3.19.0", "@react-aria/focus@^3.2.3":
  version "3.19.0"
  resolved "https://registry.yarnpkg.com/@react-aria/focus/-/focus-3.19.0.tgz#82b9a5b83f023b943a7970df3d059f49d61df05d"
  integrity sha512-hPF9EXoUQeQl1Y21/rbV2H4FdUR2v+4/I0/vB+8U3bT1CJ+1AFj1hc/rqx2DqEwDlEwOHN+E4+mRahQmlybq0A==
  dependencies:
    "@react-aria/interactions" "^3.22.5"
    "@react-aria/utils" "^3.26.0"
    "@react-types/shared" "^3.26.0"
    "@swc/helpers" "^0.5.0"
    clsx "^2.0.0"

"@react-aria/i18n@^3.12.4":
  version "3.12.4"
  resolved "https://registry.yarnpkg.com/@react-aria/i18n/-/i18n-3.12.4.tgz#4520ce48a1b6ebe4aa470d72eba300e65de01814"
  integrity sha512-j9+UL3q0Ls8MhXV9gtnKlyozq4aM95YywXqnmJtzT1rYeBx7w28hooqrWkCYLfqr4OIryv1KUnPiCSLwC2OC7w==
  dependencies:
    "@internationalized/date" "^3.6.0"
    "@internationalized/message" "^3.1.6"
    "@internationalized/number" "^3.6.0"
    "@internationalized/string" "^3.2.5"
    "@react-aria/ssr" "^3.9.7"
    "@react-aria/utils" "^3.26.0"
    "@react-types/shared" "^3.26.0"
    "@swc/helpers" "^0.5.0"

"@react-aria/interactions@^3.22.5", "@react-aria/interactions@^3.3.2":
  version "3.22.5"
  resolved "https://registry.yarnpkg.com/@react-aria/interactions/-/interactions-3.22.5.tgz#9cd8c93b8b6988f1d315d3efb450119d1432bbb8"
  integrity sha512-kMwiAD9E0TQp+XNnOs13yVJghiy8ET8L0cbkeuTgNI96sOAp/63EJ1FSrDf17iD8sdjt41LafwX/dKXW9nCcLQ==
  dependencies:
    "@react-aria/ssr" "^3.9.7"
    "@react-aria/utils" "^3.26.0"
    "@react-types/shared" "^3.26.0"
    "@swc/helpers" "^0.5.0"

"@react-aria/overlays@^3.24.0", "@react-aria/overlays@^3.7.0":
  version "3.24.0"
  resolved "https://registry.yarnpkg.com/@react-aria/overlays/-/overlays-3.24.0.tgz#7f97cd12506961abfab3ae653822cea05d1cacd3"
  integrity sha512-0kAXBsMNTc/a3M07tK9Cdt/ea8CxTAEJ223g8YgqImlmoBBYAL7dl5G01IOj67TM64uWPTmZrOklBchHWgEm3A==
  dependencies:
    "@react-aria/focus" "^3.19.0"
    "@react-aria/i18n" "^3.12.4"
    "@react-aria/interactions" "^3.22.5"
    "@react-aria/ssr" "^3.9.7"
    "@react-aria/utils" "^3.26.0"
    "@react-aria/visually-hidden" "^3.8.18"
    "@react-stately/overlays" "^3.6.12"
    "@react-types/button" "^3.10.1"
    "@react-types/overlays" "^3.8.11"
    "@react-types/shared" "^3.26.0"
    "@swc/helpers" "^0.5.0"

"@react-aria/ssr@^3.0.1", "@react-aria/ssr@^3.9.7":
  version "3.9.7"
  resolved "https://registry.yarnpkg.com/@react-aria/ssr/-/ssr-3.9.7.tgz#d89d129f7bbc5148657e6c952ac31c9353183770"
  integrity sha512-GQygZaGlmYjmYM+tiNBA5C6acmiDWF52Nqd40bBp0Znk4M4hP+LTmI0lpI1BuKMw45T8RIhrAsICIfKwZvi2Gg==
  dependencies:
    "@swc/helpers" "^0.5.0"

"@react-aria/utils@^3.26.0", "@react-aria/utils@^3.3.0", "@react-aria/utils@^3.6.0":
  version "3.26.0"
  resolved "https://registry.yarnpkg.com/@react-aria/utils/-/utils-3.26.0.tgz#833cbfa33e75d15835b757791b3f754432d2f948"
  integrity sha512-LkZouGSjjQ0rEqo4XJosS4L3YC/zzQkfRM3KoqK6fUOmUJ9t0jQ09WjiF+uOoG9u+p30AVg3TrZRUWmoTS+koQ==
  dependencies:
    "@react-aria/ssr" "^3.9.7"
    "@react-stately/utils" "^3.10.5"
    "@react-types/shared" "^3.26.0"
    "@swc/helpers" "^0.5.0"
    clsx "^2.0.0"

"@react-aria/visually-hidden@^3.8.18":
  version "3.8.18"
  resolved "https://registry.yarnpkg.com/@react-aria/visually-hidden/-/visually-hidden-3.8.18.tgz#13c168736944cbe19cd8917ec33a4e6f5f694119"
  integrity sha512-l/0igp+uub/salP35SsNWq5mGmg3G5F5QMS1gDZ8p28n7CgjvzyiGhJbbca7Oxvaw1HRFzVl9ev+89I7moNnFQ==
  dependencies:
    "@react-aria/interactions" "^3.22.5"
    "@react-aria/utils" "^3.26.0"
    "@react-types/shared" "^3.26.0"
    "@swc/helpers" "^0.5.0"

"@react-native-aria/dialog@^0.0.4":
  version "0.0.4"
  resolved "https://registry.yarnpkg.com/@react-native-aria/dialog/-/dialog-0.0.4.tgz#2d24d14c394f50fae5b7f8a792c365bfcd9cf48c"
  integrity sha512-l974yT9Z8KTSfY0rjaDNx5PsuGw50jRsdrkez+eP0P8ENx2uKHDzPPZDLo5XS5aiChFWbLaZFXp8rU0TRVOMmg==
  dependencies:
    "@react-aria/dialog" "*"
    "@react-native-aria/utils" "0.2.11"
    "@react-types/dialog" "*"
    "@react-types/shared" "*"

"@react-native-aria/focus@^0.2.9":
  version "0.2.9"
  resolved "https://registry.yarnpkg.com/@react-native-aria/focus/-/focus-0.2.9.tgz#bdfa84f9711843df771877ac436ee3b4f8878b74"
  integrity sha512-zVgOIzKwnsyyurUxlZnzUKB2ekK/cmK64sQJIKKUlkJKVxd2EAFf7Sjz/NVEoMhTODN3qGRASTv9bMk/pBzzVA==
  dependencies:
    "@react-aria/focus" "^3.2.3"

"@react-native-aria/interactions@0.2.13":
  version "0.2.13"
  resolved "https://registry.yarnpkg.com/@react-native-aria/interactions/-/interactions-0.2.13.tgz#991e45a04cfbe782a9e2cfb6543d6a9f71a47396"
  integrity sha512-Uzru5Pqq5pG46lg/pzXoku9Y9k1UvuwJB/HRLSwahdC6eyNJOOm4kmadR/iziL/BeTAi5rOZsPEd0IKcMdH3nA==
  dependencies:
    "@react-aria/interactions" "^3.3.2"
    "@react-aria/utils" "^3.6.0"
    "@react-native-aria/utils" "0.2.11"

"@react-native-aria/overlays@^0.3.12":
  version "0.3.14"
  resolved "https://registry.yarnpkg.com/@react-native-aria/overlays/-/overlays-0.3.14.tgz#3992f656704d67bbe9d5c28862e6fac841f263ae"
  integrity sha512-a8MIB2aBw5yitNB0szNqKQlm4ngOozHGVmXTbslejGIX2+3YQUg8e7J4ouT7ZgK2iIr2gIB3YrstHDM6mvKVmw==
  dependencies:
    "@react-aria/interactions" "^3.3.2"
    "@react-aria/overlays" "^3.7.0"
    "@react-native-aria/utils" "0.2.11"
    "@react-stately/overlays" "^3.1.1"
    "@react-types/overlays" "^3.4.0"
    dom-helpers "^5.0.0"

"@react-native-aria/utils@0.2.11":
  version "0.2.11"
  resolved "https://registry.yarnpkg.com/@react-native-aria/utils/-/utils-0.2.11.tgz#3c44248b5c63349dabf823a24c6d78981dc09b2f"
  integrity sha512-8MzE25pYDo1ZQtu7N9grx2Q+2uK58Tvvg4iJ7Nvx3PXTEz2XKU8G//yX9un97f7zCM6ptL8viRdKbSYDBmQvsA==
  dependencies:
    "@react-aria/ssr" "^3.0.1"
    "@react-aria/utils" "^3.3.0"

"@react-stately/overlays@^3.1.1", "@react-stately/overlays@^3.6.12":
  version "3.6.12"
  resolved "https://registry.yarnpkg.com/@react-stately/overlays/-/overlays-3.6.12.tgz#beb594a0e140dbd7957bfa181006854f91480bea"
  integrity sha512-QinvZhwZgj8obUyPIcyURSCjTZlqZYRRCS60TF8jH8ZpT0tEAuDb3wvhhSXuYA3Xo9EHLwvLjEf3tQKKdAQArw==
  dependencies:
    "@react-stately/utils" "^3.10.5"
    "@react-types/overlays" "^3.8.11"
    "@swc/helpers" "^0.5.0"

"@react-stately/utils@^3.10.5":
  version "3.10.5"
  resolved "https://registry.yarnpkg.com/@react-stately/utils/-/utils-3.10.5.tgz#47bb91cd5afd1bafe39353614e5e281b818ebccc"
  integrity sha512-iMQSGcpaecghDIh3mZEpZfoFH3ExBwTtuBEcvZ2XnGzCgQjeYXcMdIUwAfVQLXFTdHUHGF6Gu6/dFrYsCzySBQ==
  dependencies:
    "@swc/helpers" "^0.5.0"

"@react-types/button@^3.10.1":
  version "3.10.1"
  resolved "https://registry.yarnpkg.com/@react-types/button/-/button-3.10.1.tgz#fc7ada2e83bc661b31c1473a82ec86dc11de057c"
  integrity sha512-XTtap8o04+4QjPNAshFWOOAusUTxQlBjU2ai0BTVLShQEjHhRVDBIWsI2B2FKJ4KXT6AZ25llaxhNrreWGonmA==
  dependencies:
    "@react-types/shared" "^3.26.0"

"@react-types/dialog@*", "@react-types/dialog@^3.5.14":
  version "3.5.14"
  resolved "https://registry.yarnpkg.com/@react-types/dialog/-/dialog-3.5.14.tgz#97e568dc38ede4312ba6a12eda855c5e32c7cd47"
  integrity sha512-OXWMjrALwrlgw8aHD8SeRm/s3tbAssdaEh2h73KUSeFau3fU3n5mfKv+WnFqsEaOtN261o48l7hTlS6615H9AA==
  dependencies:
    "@react-types/overlays" "^3.8.11"
    "@react-types/shared" "^3.26.0"

"@react-types/overlays@^3.4.0", "@react-types/overlays@^3.8.11":
  version "3.8.11"
  resolved "https://registry.yarnpkg.com/@react-types/overlays/-/overlays-3.8.11.tgz#313964703b2a23572138120b619d35da33445dfd"
  integrity sha512-aw7T0rwVI3EuyG5AOaEIk8j7dZJQ9m34XAztXJVZ/W2+4pDDkLDbJ/EAPnuo2xGYRGhowuNDn4tDju01eHYi+w==
  dependencies:
    "@react-types/shared" "^3.26.0"

"@react-types/shared@*", "@react-types/shared@^3.26.0":
  version "3.26.0"
  resolved "https://registry.yarnpkg.com/@react-types/shared/-/shared-3.26.0.tgz#21a8b579f0097ee78de18e3e580421ced89e4c8c"
  integrity sha512-6FuPqvhmjjlpEDLTiYx29IJCbCNWPlsyO+ZUmCUXzhUv2ttShOXfw8CmeHWHftT/b2KweAWuzqSlfeXPR76jpw==

"@swc/helpers@^0.5.0":
  version "0.5.15"
  resolved "https://registry.yarnpkg.com/@swc/helpers/-/helpers-0.5.15.tgz#79efab344c5819ecf83a43f3f9f811fc84b516d7"
  integrity sha512-JQ5TuMi45Owi4/BIMAJBoSQoOJu12oOk/gADqlcUL9JEdHB8vyjUSsxqeNXnmXHjYKMi2WcYtezGEEhqUI/E2g==
  dependencies:
    tslib "^2.8.0"

ansi-regex@^5.0.1:
  version "5.0.1"
  resolved "https://registry.yarnpkg.com/ansi-regex/-/ansi-regex-5.0.1.tgz#082cb2c89c9fe8659a311a53bd6a4dc5301db304"
  integrity sha512-quJQXlTSUGL2LH9SUXo8VwsY4soanhgo6LNSm84E1LBcE8s3O0wpdiRzyR9z/ZZJMlMWv37qOOb9pdJlMUEKFQ==

ansi-styles@^4.0.0, ansi-styles@^4.1.0:
  version "4.3.0"
  resolved "https://registry.yarnpkg.com/ansi-styles/-/ansi-styles-4.3.0.tgz#edd803628ae71c04c85ae7a0906edad34b648937"
  integrity sha512-zbB9rCJAT1rbjiVDb2hqKFHNYLxgtk8NURxZ3IZwD3F6NtxbXZQCnnSi1Lkx+IDohdPlFp222wVALIheZJQSEg==
  dependencies:
    color-convert "^2.0.1"

chalk@^4.1.0:
  version "4.1.2"
  resolved "https://registry.yarnpkg.com/chalk/-/chalk-4.1.2.tgz#aac4e2b7734a740867aeb16bf02aad556a1e7a01"
  integrity sha512-oKnbhFyRIXpUuez8iBMmyEa4nbj4IOQyuhc/wy9kY7/WVPcwIO9VA668Pu8RkO7+0G76SLROeyw9CpQ061i4mA==
  dependencies:
    ansi-styles "^4.1.0"
    supports-color "^7.1.0"

cliui@^8.0.1:
  version "8.0.1"
  resolved "https://registry.yarnpkg.com/cliui/-/cliui-8.0.1.tgz#0c04b075db02cbfe60dc8e6cf2f5486b1a3608aa"
  integrity sha512-BSeNnyus75C4//NQ9gQt1/csTXyo/8Sb+afLAkzAptFuMsod9HFokGNudZpi/oQV73hnVK+sR+5PVRMd+Dr7YQ==
  dependencies:
    string-width "^4.2.0"
    strip-ansi "^6.0.1"
    wrap-ansi "^7.0.0"

clsx@^2.0.0:
  version "2.1.1"
  resolved "https://registry.yarnpkg.com/clsx/-/clsx-2.1.1.tgz#eed397c9fd8bd882bfb18deab7102049a2f32999"
  integrity sha512-eYm0QWBtUrBWZWG0d386OGAw16Z995PiOVo2B7bjWSbHedGl5e0ZWaq65kOGgUSNesEIDkB9ISbTg/JK9dhCZA==

color-convert@^2.0.1:
  version "2.0.1"
  resolved "https://registry.yarnpkg.com/color-convert/-/color-convert-2.0.1.tgz#72d3a68d598c9bdb3af2ad1e84f21d896abd4de3"
  integrity sha512-RRECPsj7iu/xb5oKYcsFHSppFNnsj/52OVTRKb4zP5onXwVF3zVmmToNcOfGC+CRDpfK/U584fMg38ZHCaElKQ==
  dependencies:
    color-name "~1.1.4"

color-name@~1.1.4:
  version "1.1.4"
  resolved "https://registry.yarnpkg.com/color-name/-/color-name-1.1.4.tgz#c2a09a87acbde69543de6f63fa3995c826c536a2"
  integrity sha512-dOy+3AuW3a2wNbZHIuMZpTcgjGuLU/uBL/ubcZF9OXbDo8ff4O8yVp5Bf0efS8uEoYo5q4Fx7dY9OgQGXgAsQA==

concurrently@^7.0.0:
  version "7.6.0"
  resolved "https://registry.yarnpkg.com/concurrently/-/concurrently-7.6.0.tgz#531a6f5f30cf616f355a4afb8f8fcb2bba65a49a"
  integrity sha512-BKtRgvcJGeZ4XttiDiNcFiRlxoAeZOseqUvyYRUp/Vtd+9p1ULmeoSqGsDA+2ivdeDFpqrJvGvmI+StKfKl5hw==
  dependencies:
    chalk "^4.1.0"
    date-fns "^2.29.1"
    lodash "^4.17.21"
    rxjs "^7.0.0"
    shell-quote "^1.7.3"
    spawn-command "^0.0.2-1"
    supports-color "^8.1.0"
    tree-kill "^1.2.2"
    yargs "^17.3.1"

csstype@^3.0.2:
  version "3.1.3"
  resolved "https://registry.yarnpkg.com/csstype/-/csstype-3.1.3.tgz#d80ff294d114fb0e6ac500fbf85b60137d7eff81"
  integrity sha512-M1uQkMl8rQK/szD0LNhtqxIPLpimGm8sOBwU7lLnCpSbTyY3yeU1Vc7l4KT5zT4s/yOxHH5O7tIuuLOCnLADRw==

date-fns@^2.29.1:
  version "2.30.0"
  resolved "https://registry.yarnpkg.com/date-fns/-/date-fns-2.30.0.tgz#f367e644839ff57894ec6ac480de40cae4b0f4d0"
  integrity sha512-fnULvOpxnC5/Vg3NCiWelDsLiUc9bRwAPs/+LfTLNvetFCtCTN+yQz15C/fs4AwX1R9K5GLtLfn8QW+dWisaAw==
  dependencies:
    "@babel/runtime" "^7.21.0"

decimal.js@10:
  version "10.4.3"
  resolved "https://registry.yarnpkg.com/decimal.js/-/decimal.js-10.4.3.tgz#1044092884d245d1b7f65725fa4ad4c6f781cc23"
  integrity sha512-VBBaLc1MgL5XpzgIP7ny5Z6Nx3UrRkIViUkPUdtl9aya5amy3De1gsUUSB1g3+3sExYNjCAsAznmukyxCb1GRA==

dom-helpers@^5.0.0:
  version "5.2.1"
  resolved "https://registry.yarnpkg.com/dom-helpers/-/dom-helpers-5.2.1.tgz#d9400536b2bf8225ad98fe052e029451ac40e902"
  integrity sha512-nRCa7CK3VTrM2NmGkIy4cbK7IZlgBE/PYMn55rrXefr5xXDP0LdtfPnblFDoVdcAfslJ7or6iqAUnx0CCGIWQA==
  dependencies:
    "@babel/runtime" "^7.8.7"
    csstype "^3.0.2"

emoji-regex@^8.0.0:
  version "8.0.0"
  resolved "https://registry.yarnpkg.com/emoji-regex/-/emoji-regex-8.0.0.tgz#e818fd69ce5ccfcb404594f842963bf53164cc37"
  integrity sha512-MSjYzcWNOA0ewAHpz0MxpYFvwg6yjy1NG3xteoqz644VCo/RPgnr1/GGt+ic3iJTzQ8Eu3TdM14SawnVUmGE6A==

escalade@^3.1.1:
  version "3.2.0"
  resolved "https://registry.yarnpkg.com/escalade/-/escalade-3.2.0.tgz#011a3f69856ba189dffa7dc8fcce99d2a87903e5"
  integrity sha512-WUj2qlxaQtO4g6Pq5c29GTcWGDyd8itL8zTlipgECz3JesAiiOKotd8JU6otB3PACgG6xkJUyVhboMS+bje/jA==

get-caller-file@^2.0.5:
  version "2.0.5"
  resolved "https://registry.yarnpkg.com/get-caller-file/-/get-caller-file-2.0.5.tgz#4f94412a82db32f36e3b0b9741f8a97feb031f7e"
  integrity sha512-DyFP3BM/3YHTQOCUL/w0OZHR0lpKeGrxotcHWcqNEdnltqFwXVfhEBQ94eIo34AfQpo0rGki4cyIiftY06h2Fg==

has-flag@^4.0.0:
  version "4.0.0"
  resolved "https://registry.yarnpkg.com/has-flag/-/has-flag-4.0.0.tgz#944771fd9c81c81265c4d6941860da06bb59479b"
  integrity sha512-EykJT/Q1KjTWctppgIAgfSO0tKVuZUjhgMr17kqTumMl6Afv3EISleU7qZUzoXDFTAHTDC4NOoG/ZxU3EvlMPQ==

intl-messageformat@^10.1.0:
  version "10.7.11"
  resolved "https://registry.yarnpkg.com/intl-messageformat/-/intl-messageformat-10.7.11.tgz#f24893b2a64e7b5ec29f9eceb4f1a58bde1346e0"
  integrity sha512-IB2N1tmI24k2EFH3PWjU7ivJsnWyLwOWOva0jnXFa29WzB6fb0JZ5EMQGu+XN5lDtjHYFo0/UooP67zBwUg7rQ==
  dependencies:
    "@formatjs/ecma402-abstract" "2.3.2"
    "@formatjs/fast-memoize" "2.2.6"
    "@formatjs/icu-messageformat-parser" "2.9.8"
    tslib "2"

is-fullwidth-code-point@^3.0.0:
  version "3.0.0"
  resolved "https://registry.yarnpkg.com/is-fullwidth-code-point/-/is-fullwidth-code-point-3.0.0.tgz#f116f8064fe90b3f7844a38997c0b75051269f1d"
  integrity sha512-zymm5+u+sCsSWyD9qNaejV3DFvhCKclKdizYaJUuHA83RLjb7nSuGnddCHGv0hk+KY7BMAlsWeK4Ueg6EV6XQg==

lodash@^4.17.21:
  version "4.17.21"
  resolved "https://registry.yarnpkg.com/lodash/-/lodash-4.17.21.tgz#679591c564c3bffaae8454cf0b3df370c3d6911c"
  integrity sha512-v2kDEe57lecTulaDIuNTPy3Ry4gLGJ6Z1O3vE1krgXZNrsQ+LFTGHVxVjcXPs17LhbZVGedAJv8XZ1tvj5FvSg==

regenerator-runtime@^0.14.0:
  version "0.14.1"
  resolved "https://registry.yarnpkg.com/regenerator-runtime/-/regenerator-runtime-0.14.1.tgz#356ade10263f685dda125100cd862c1db895327f"
  integrity sha512-dYnhHh0nJoMfnkZs6GmmhFknAGRrLznOu5nc9ML+EJxGvrx6H7teuevqVqCuPcPK//3eDrrjQhehXVx9cnkGdw==

require-directory@^2.1.1:
  version "2.1.1"
  resolved "https://registry.yarnpkg.com/require-directory/-/require-directory-2.1.1.tgz#8c64ad5fd30dab1c976e2344ffe7f792a6a6df42"
  integrity sha512-fGxEI7+wsG9xrvdjsrlmL22OMTTiHRwAMroiEeMgq8gzoLC/PQr7RsRDSTLUg/bZAZtF+TVIkHc6/4RIKrui+Q==

rxjs@^7.0.0:
  version "7.8.1"
  resolved "https://registry.yarnpkg.com/rxjs/-/rxjs-7.8.1.tgz#6f6f3d99ea8044291efd92e7c7fcf562c4057543"
  integrity sha512-AA3TVj+0A2iuIoQkWEK/tqFjBq2j+6PO6Y0zJcvzLAFhEFIO3HL0vls9hWLncZbAAbK0mar7oZ4V079I/qPMxg==
  dependencies:
    tslib "^2.1.0"

shell-quote@^1.7.3:
  version "1.8.2"
  resolved "https://registry.yarnpkg.com/shell-quote/-/shell-quote-1.8.2.tgz#d2d83e057959d53ec261311e9e9b8f51dcb2934a"
  integrity sha512-AzqKpGKjrj7EM6rKVQEPpB288oCfnrEIuyoT9cyF4nmGa7V8Zk6f7RRqYisX8X9m+Q7bd632aZW4ky7EhbQztA==

spawn-command@^0.0.2-1:
  version "0.0.2"
  resolved "https://registry.yarnpkg.com/spawn-command/-/spawn-command-0.0.2.tgz#9544e1a43ca045f8531aac1a48cb29bdae62338e"
  integrity sha512-zC8zGoGkmc8J9ndvml8Xksr1Amk9qBujgbF0JAIWO7kXr43w0h/0GJNM/Vustixu+YE8N/MTrQ7N31FvHUACxQ==

string-width@^4.1.0, string-width@^4.2.0, string-width@^4.2.3:
  version "4.2.3"
  resolved "https://registry.yarnpkg.com/string-width/-/string-width-4.2.3.tgz#269c7117d27b05ad2e536830a8ec895ef9c6d010"
  integrity sha512-wKyQRQpjJ0sIp62ErSZdGsjMJWsap5oRNihHhu6G7JVO/9jIB6UyevL+tXuOqrng8j/cxKTWyWUwvSTriiZz/g==
  dependencies:
    emoji-regex "^8.0.0"
    is-fullwidth-code-point "^3.0.0"
    strip-ansi "^6.0.1"

strip-ansi@^6.0.0, strip-ansi@^6.0.1:
  version "6.0.1"
  resolved "https://registry.yarnpkg.com/strip-ansi/-/strip-ansi-6.0.1.tgz#9e26c63d30f53443e9489495b2105d37b67a85d9"
  integrity sha512-Y38VPSHcqkFrCpFnQ9vuSXmquuv5oXOKpGeT6aGrr3o3Gc9AlVa6JBfUSOCnbxGGZF+/0ooI7KrPuUSztUdU5A==
  dependencies:
    ansi-regex "^5.0.1"

supports-color@^7.1.0:
  version "7.2.0"
  resolved "https://registry.yarnpkg.com/supports-color/-/supports-color-7.2.0.tgz#1b7dcdcb32b8138801b3e478ba6a51caa89648da"
  integrity sha512-qpCAvRl9stuOHveKsn7HncJRvv501qIacKzQlO/+Lwxc9+0q2wLyv4Dfvt80/DPn2pqOBsJdDiogXGR9+OvwRw==
  dependencies:
    has-flag "^4.0.0"

supports-color@^8.1.0:
  version "8.1.1"
  resolved "https://registry.yarnpkg.com/supports-color/-/supports-color-8.1.1.tgz#cd6fc17e28500cff56c1b86c0a7fd4a54a73005c"
  integrity sha512-MpUEN2OodtUzxvKQl72cUF7RQ5EiHsGvSsVG0ia9c5RbWGL2CI4C7EpPS8UTBIplnlzZiNuV56w+FuNxy3ty2Q==
  dependencies:
    has-flag "^4.0.0"

tree-kill@^1.2.2:
  version "1.2.2"
  resolved "https://registry.yarnpkg.com/tree-kill/-/tree-kill-1.2.2.tgz#4ca09a9092c88b73a7cdc5e8a01b507b0790a0cc"
  integrity sha512-L0Orpi8qGpRG//Nd+H90vFB+3iHnue1zSSGmNOOCh1GLJ7rUKVwV2HvijphGQS2UmhUZewS9VgvxYIdgr+fG1A==

tslib@2, tslib@^2.1.0, tslib@^2.8.0:
  version "2.8.1"
  resolved "https://registry.yarnpkg.com/tslib/-/tslib-2.8.1.tgz#612efe4ed235d567e8aba5f2a5fab70280ade83f"
  integrity sha512-oJFu94HQb+KVduSUQL7wnpmqnfmLsOA/nAh6b6EH0wCEoK0/mPeXU6c3wKDV83MkOuHPRHtSXKKU99IBazS/2w==

wrap-ansi@^7.0.0:
  version "7.0.0"
  resolved "https://registry.yarnpkg.com/wrap-ansi/-/wrap-ansi-7.0.0.tgz#67e145cff510a6a6984bdf1152911d69d2eb9e43"
  integrity sha512-YVGIj2kamLSTxw6NsZjoBxfSwsn0ycdesmc4p+Q21c5zPuZ1pl+NfxVdxPtdHvmNVOQ6XSYG4AUtyt/Fi7D16Q==
  dependencies:
    ansi-styles "^4.0.0"
    string-width "^4.1.0"
    strip-ansi "^6.0.0"

y18n@^5.0.5:
  version "5.0.8"
  resolved "https://registry.yarnpkg.com/y18n/-/y18n-5.0.8.tgz#7f4934d0f7ca8c56f95314939ddcd2dd91ce1d55"
  integrity sha512-0pfFzegeDWJHJIAmTLRP2DwHjdF5s7jo9tuztdQxAhINCdvS+3nGINqPd00AphqJR/0LhANUS6/+7SCb98YOfA==

yargs-parser@^21.1.1:
  version "21.1.1"
  resolved "https://registry.yarnpkg.com/yargs-parser/-/yargs-parser-21.1.1.tgz#9096bceebf990d21bb31fa9516e0ede294a77d35"
  integrity sha512-tVpsJW7DdjecAiFpbIB1e3qxIQsE6NoPc5/eTdrbbIC4h0LVsWhnoa3g+m2HclBIujHzsxZ4VJVA+GUuc2/LBw==

yargs@^17.3.1:
  version "17.7.2"
  resolved "https://registry.yarnpkg.com/yargs/-/yargs-17.7.2.tgz#991df39aca675a192b816e1e0363f9d75d2aa269"
  integrity sha512-7dSzzRQ++CKnNI/krKnYRV7JKKPUXMEh61soaHKg9mrWEhzFWhFnxPxGl+69cD1Ou63C13NUPCnmIcrvqCuM6w==
  dependencies:
    cliui "^8.0.1"
    escalade "^3.1.1"
    get-caller-file "^2.0.5"
    require-directory "^2.1.1"
    string-width "^4.2.3"
    y18n "^5.0.5"
    yargs-parser "^21.1.1"
